<?xml version="1.0" encoding="UTF-8"?>
<Scheme
   version = "1.3">
   <BuildAction>
      <BuildActionEntries>
         <BuildActionEntry
            buildForRunning = "YES">
            <BuildableReference
               BuildableIdentifier = "primary"
               BlueprintIdentifier = "A95BA7EC233F201E0016071A"
               BuildableName = "PlayWithGurasanIos.app"
               BlueprintName = "PlayWithGurasanIos"
               ReferencedContainer = "container:PlayWithGurasanIos.xcodeproj">
            </BuildableReference>
         </BuildActionEntry>
      </BuildActionEntries>
   </BuildAction>
   <LaunchAction
      useCustomWorkingDirectory = "NO"
      buildConfiguration = "Debug"
      allowLocationSimulation = "YES">
      <BuildableProductRunnable>
         <BuildableReference
            BuildableIdentifier = "primary"
            BlueprintIdentifier = "A95BA7EC233F201E0016071A"
            BuildableName = "PlayWithGurasanIos.app"
            BlueprintName = "PlayWithGurasanIos"
            ReferencedContainer = "container:PlayWithGurasanIos.xcodeproj">
         </BuildableReference>
      </BuildableProductRunnable>
   </LaunchAction>
</Scheme>
